
Microsoft Visual Studio Solution File, Format Version 12.00
# Visual Studio Version 17
VisualStudioVersion = 17.0.32126.317
MinimumVisualStudioVersion = 10.0.40219.1
Project("{9A19103F-16F7-4668-BE54-9A1E7A4F7556}") = "ExampleAPI", "ExampleAPI\ExampleAPI.csproj", "{960517E1-927A-42AA-BD95-705867E8D71F}"
EndProject
Project("{FAE04EC0-301F-11D3-BF4B-00C04F79EFBC}") = "TestProject1", "TestProject1\TestProject1.csproj", "{BA9DFA87-14BF-475B-A25B-B10879987119}"
EndProject
Global
	GlobalSection(SolutionConfigurationPlatforms) = preSolution
		Debug|Any CPU = Debug|Any CPU
		Release|Any CPU = Release|Any CPU
	EndGlobalSection
	GlobalSection(ProjectConfigurationPlatforms) = postSolution
		{960517E1-927A-42AA-BD95-705867E8D71F}.Debug|Any CPU.ActiveCfg = Debug|Any CPU
		{960517E1-927A-42AA-BD95-705867E8D71F}.Debug|Any CPU.Build.0 = Debug|Any CPU
		{960517E1-927A-42AA-BD95-705867E8D71F}.Release|Any CPU.ActiveCfg = Release|Any CPU
		{960517E1-927A-42AA-BD95-705867E8D71F}.Release|Any CPU.Build.0 = Release|Any CPU
		{BA9DFA87-14BF-475B-A25B-B10879987119}.Debug|Any CPU.ActiveCfg = Debug|Any CPU
		{BA9DFA87-14BF-475B-A25B-B10879987119}.Debug|Any CPU.Build.0 = Debug|Any CPU
		{BA9DFA87-14BF-475B-A25B-B10879987119}.Release|Any CPU.ActiveCfg = Release|Any CPU
		{BA9DFA87-14BF-475B-A25B-B10879987119}.Release|Any CPU.Build.0 = Release|Any CPU
	EndGlobalSection
	GlobalSection(SolutionProperties) = preSolution
		HideSolutionNode = FALSE
	EndGlobalSection
	GlobalSection(ExtensibilityGlobals) = postSolution
		SolutionGuid = {F351B5A3-B010-4ACC-B43E-D8C5A7EDF5F1}
	EndGlobalSection
EndGlobal
